// !$*UTF8*$!
{
	archiveVersion = 1;
	classes = {
	};
	objectVersion = 46;
	objects = {

/* Begin PBXBuildFile section */
		816328BB1CEDFDCC00DEC640 /* main.m in Sources */ = {isa = PBXBuildFile; fileRef = 816328BA1CEDFDCC00DEC640 /* main.m */; };
		816328BE1CEDFDCC00DEC640 /* AppDelegate.m in Sources */ = {isa = PBXBuildFile; fileRef = 816328BD1CEDFDCC00DEC640 /* AppDelegate.m */; };
		816328C11CEDFDCC00DEC640 /* ViewController.m in Sources */ = {isa = PBXBuildFile; fileRef = 816328C01CEDFDCC00DEC640 /* ViewController.m */; };
		816328C41CEDFDCC00DEC640 /* Main.storyboard in Resources */ = {isa = PBXBuildFile; fileRef = 816328C21CEDFDCC00DEC640 /* Main.storyboard */; };
		816328C61CEDFDCC00DEC640 /* Assets.xcassets in Resources */ = {isa = PBXBuildFile; fileRef = 816328C51CEDFDCC00DEC640 /* Assets.xcassets */; };
		816328C91CEDFDCC00DEC640 /* LaunchScreen.storyboard in Resources */ = {isa = PBXBuildFile; fileRef = 816328C71CEDFDCC00DEC640 /* LaunchScreen.storyboard */; };
		816329021CEE076400DEC640 /* Info.plist in Resources */ = {isa = PBXBuildFile; fileRef = 816328FE1CEE076400DEC640 /* Info.plist */; };
		816329161CEE0C6B00DEC640 /* HCommonItem.m in Sources */ = {isa = PBXBuildFile; fileRef = 816329151CEE0C6B00DEC640 /* HCommonItem.m */; };
		816329191CEE0CC200DEC640 /* HBXTableViewController.m in Sources */ = {isa = PBXBuildFile; fileRef = 816329181CEE0CC200DEC640 /* HBXTableViewController.m */; };
		8163291C1CEE0FF400DEC640 /* HBXCommontTabelViewCell.m in Sources */ = {isa = PBXBuildFile; fileRef = 8163291B1CEE0FF400DEC640 /* HBXCommontTabelViewCell.m */; };
/* End PBXBuildFile section */

/* Begin PBXContainerItemProxy section */
		816329041CEE076400DEC640 /* PBXContainerItemProxy */ = {
			isa = PBXContainerItemProxy;
			containerPortal = 816328FF1CEE076400DEC640 /* HCommonTableView.xcodeproj */;
			proxyType = 2;
			remoteGlobalIDString = 816328F01CEE073E00DEC640;
			remoteInfo = HCommonTableView;
		};
/* End PBXContainerItemProxy section */

/* Begin PBXFileReference section */
		816328B61CEDFDCC00DEC640 /* HBXCommonTableView.app */ = {isa = PBXFileReference; explicitFileType = wrapper.application; includeInIndex = 0; path = HBXCommonTableView.app; sourceTree = BUILT_PRODUCTS_DIR; };
		816328BA1CEDFDCC00DEC640 /* main.m */ = {isa = PBXFileReference; lastKnownFileType = sourcecode.c.objc; path = main.m; sourceTree = "<group>"; };
		816328BC1CEDFDCC00DEC640 /* AppDelegate.h */ = {isa = PBXFileReference; lastKnownFileType = sourcecode.c.h; path = AppDelegate.h; sourceTree = "<group>"; };
		816328BD1CEDFDCC00DEC640 /* AppDelegate.m */ = {isa = PBXFileReference; lastKnownFileType = sourcecode.c.objc; path = AppDelegate.m; sourceTree = "<group>"; };
		816328BF1CEDFDCC00DEC640 /* ViewController.h */ = {isa = PBXFileReference; lastKnownFileType = sourcecode.c.h; path = ViewController.h; sourceTree = "<group>"; };
		816328C01CEDFDCC00DEC640 /* ViewController.m */ = {isa = PBXFileReference; lastKnownFileType = sourcecode.c.objc; path = ViewController.m; sourceTree = "<group>"; };
		816328C31CEDFDCC00DEC640 /* Base */ = {isa = PBXFileReference; lastKnownFileType = file.storyboard; name = Base; path = Base.lproj/Main.storyboard; sourceTree = "<group>"; };
		816328C51CEDFDCC00DEC640 /* Assets.xcassets */ = {isa = PBXFileReference; lastKnownFileType = folder.assetcatalog; path = Assets.xcassets; sourceTree = "<group>"; };
		816328C81CEDFDCC00DEC640 /* Base */ = {isa = PBXFileReference; lastKnownFileType = file.storyboard; name = Base; path = Base.lproj/LaunchScreen.storyboard; sourceTree = "<group>"; };
		816328CA1CEDFDCC00DEC640 /* Info.plist */ = {isa = PBXFileReference; lastKnownFileType = text.plist.xml; path = Info.plist; sourceTree = "<group>"; };
		816328FD1CEE076400DEC640 /* HCommonTableView.h */ = {isa = PBXFileReference; fileEncoding = 4; lastKnownFileType = sourcecode.c.h; path = HCommonTableView.h; sourceTree = "<group>"; };
		816328FE1CEE076400DEC640 /* Info.plist */ = {isa = PBXFileReference; fileEncoding = 4; lastKnownFileType = text.plist.xml; path = Info.plist; sourceTree = "<group>"; };
		816328FF1CEE076400DEC640 /* HCommonTableView.xcodeproj */ = {isa = PBXFileReference; lastKnownFileType = "wrapper.pb-project"; path = HCommonTableView.xcodeproj; sourceTree = "<group>"; };
		816329141CEE0C6B00DEC640 /* HCommonItem.h */ = {isa = PBXFileReference; fileEncoding = 4; lastKnownFileType = sourcecode.c.h; path = HCommonItem.h; sourceTree = "<group>"; };
		816329151CEE0C6B00DEC640 /* HCommonItem.m */ = {isa = PBXFileReference; fileEncoding = 4; lastKnownFileType = sourcecode.c.objc; path = HCommonItem.m; sourceTree = "<group>"; };
		816329171CEE0CC200DEC640 /* HBXTableViewController.h */ = {isa = PBXFileReference; fileEncoding = 4; lastKnownFileType = sourcecode.c.h; path = HBXTableViewController.h; sourceTree = "<group>"; };
		816329181CEE0CC200DEC640 /* HBXTableViewController.m */ = {isa = PBXFileReference; fileEncoding = 4; lastKnownFileType = sourcecode.c.objc; path = HBXTableViewController.m; sourceTree = "<group>"; };
		8163291A1CEE0FF400DEC640 /* HBXCommontTabelViewCell.h */ = {isa = PBXFileReference; fileEncoding = 4; lastKnownFileType = sourcecode.c.h; path = HBXCommontTabelViewCell.h; sourceTree = "<group>"; };
		8163291B1CEE0FF400DEC640 /* HBXCommontTabelViewCell.m */ = {isa = PBXFileReference; fileEncoding = 4; lastKnownFileType = sourcecode.c.objc; path = HBXCommontTabelViewCell.m; sourceTree = "<group>"; };
/* End PBXFileReference section */

/* Begin PBXFrameworksBuildPhase section */
		816328B31CEDFDCC00DEC640 /* Frameworks */ = {
			isa = PBXFrameworksBuildPhase;
			buildActionMask = 2147483647;
			files = (
			);
			runOnlyForDeploymentPostprocessing = 0;
		};
/* End PBXFrameworksBuildPhase section */

/* Begin PBXGroup section */
		816328AD1CEDFDCC00DEC640 = {
			isa = PBXGroup;
			children = (
				816328FB1CEE076400DEC640 /* HCommonTableView */,
				816328B81CEDFDCC00DEC640 /* HBXCommonTableView */,
				816328B71CEDFDCC00DEC640 /* Products */,
			);
			sourceTree = "<group>";
		};
		816328B71CEDFDCC00DEC640 /* Products */ = {
			isa = PBXGroup;
			children = (
				816328B61CEDFDCC00DEC640 /* HBXCommonTableView.app */,
			);
			name = Products;
			sourceTree = "<group>";
		};
		816328B81CEDFDCC00DEC640 /* HBXCommonTableView */ = {
			isa = PBXGroup;
			children = (
				816329131CEE0C5A00DEC640 /* HCommonView */,
				816329121CEE0C4600DEC640 /* HCommonItem */,
				816328BC1CEDFDCC00DEC640 /* AppDelegate.h */,
				816328BD1CEDFDCC00DEC640 /* AppDelegate.m */,
				816328BF1CEDFDCC00DEC640 /* ViewController.h */,
				816328C01CEDFDCC00DEC640 /* ViewController.m */,
				816328C21CEDFDCC00DEC640 /* Main.storyboard */,
				816328C51CEDFDCC00DEC640 /* Assets.xcassets */,
				816328C71CEDFDCC00DEC640 /* LaunchScreen.storyboard */,
				816328CA1CEDFDCC00DEC640 /* Info.plist */,
				816328B91CEDFDCC00DEC640 /* Supporting Files */,
			);
			path = HBXCommonTableView;
			sourceTree = "<group>";
		};
		816328B91CEDFDCC00DEC640 /* Supporting Files */ = {
			isa = PBXGroup;
			children = (
				816328BA1CEDFDCC00DEC640 /* main.m */,
			);
			name = "Supporting Files";
			sourceTree = "<group>";
		};
		816328FB1CEE076400DEC640 /* HCommonTableView */ = {
			isa = PBXGroup;
			children = (
				816328FC1CEE076400DEC640 /* HCommonTableView */,
				816328FF1CEE076400DEC640 /* HCommonTableView.xcodeproj */,
			);
			path = HCommonTableView;
			sourceTree = "<group>";
		};
		816328FC1CEE076400DEC640 /* HCommonTableView */ = {
			isa = PBXGroup;
			children = (
				816328FD1CEE076400DEC640 /* HCommonTableView.h */,
				816328FE1CEE076400DEC640 /* Info.plist */,
			);
			path = HCommonTableView;
			sourceTree = "<group>";
		};
		816329001CEE076400DEC640 /* Products */ = {
			isa = PBXGroup;
			children = (
				816329051CEE076400DEC640 /* HCommonTableView.framework */,
			);
			name = Products;
			sourceTree = "<group>";
		};
		816329121CEE0C4600DEC640 /* HCommonItem */ = {
			isa = PBXGroup;
			children = (
				816329171CEE0CC200DEC640 /* HBXTableViewController.h */,
				816329181CEE0CC200DEC640 /* HBXTableViewController.m */,
				8163291A1CEE0FF400DEC640 /* HBXCommontTabelViewCell.h */,
				8163291B1CEE0FF400DEC640 /* HBXCommontTabelViewCell.m */,
			);
			path = HCommonItem;
			sourceTree = "<group>";
		};
		816329131CEE0C5A00DEC640 /* HCommonView */ = {
			isa = PBXGroup;
			children = (
				816329141CEE0C6B00DEC640 /* HCommonItem.h */,
				816329151CEE0C6B00DEC640 /* HCommonItem.m */,
			);
			path = HCommonView;
			sourceTree = "<group>";
		};
/* End PBXGroup section */

/* Begin PBXNativeTarget section */
		816328B51CEDFDCC00DEC640 /* HBXCommonTableView */ = {
			isa = PBXNativeTarget;
			buildConfigurationList = 816328CD1CEDFDCC00DEC640 /* Build configuration list for PBXNativeTarget "HBXCommonTableView" */;
			buildPhases = (
				816328B21CEDFDCC00DEC640 /* Sources */,
				816328B31CEDFDCC00DEC640 /* Frameworks */,
				816328B41CEDFDCC00DEC640 /* Resources */,
			);
			buildRules = (
			);
			dependencies = (
			);
			name = HBXCommonTableView;
			productName = HBXCommonTableView;
			productReference = 816328B61CEDFDCC00DEC640 /* HBXCommonTableView.app */;
			productType = "com.apple.product-type.application";
		};
/* End PBXNativeTarget section */

/* Begin PBXProject section */
		816328AE1CEDFDCC00DEC640 /* Project object */ = {
			isa = PBXProject;
			attributes = {
				LastUpgradeCheck = 0720;
				ORGANIZATIONNAME = "黄保贤";
				TargetAttributes = {
					816328B51CEDFDCC00DEC640 = {
						CreatedOnToolsVersion = 7.2;
					};
				};
			};
			buildConfigurationList = 816328B11CEDFDCC00DEC640 /* Build configuration list for PBXProject "HBXCommonTableView" */;
			compatibilityVersion = "Xcode 3.2";
			developmentRegion = English;
			hasScannedForEncodings = 0;
			knownRegions = (
				en,
				Base,
			);
			mainGroup = 816328AD1CEDFDCC00DEC640;
			productRefGroup = 816328B71CEDFDCC00DEC640 /* Products */;
			projectDirPath = "";
			projectReferences = (
				{
					ProductGroup = 816329001CEE076400DEC640 /* Products */;
					ProjectRef = 816328FF1CEE076400DEC640 /* HCommonTableView.xcodeproj */;
				},
			);
			projectRoot = "";
			targets = (
				816328B51CEDFDCC00DEC640 /* HBXCommonTableView */,
			);
		};
/* End PBXProject section */

/* Begin PBXReferenceProxy section */
		816329051CEE076400DEC640 /* HCommonTableView.framework */ = {
			isa = PBXReferenceProxy;
			fileType = wrapper.framework;
			path = HCommonTableView.framework;
			remoteRef = 816329041CEE076400DEC640 /* PBXContainerItemProxy */;
			sourceTree = BUILT_PRODUCTS_DIR;
		};
/* End PBXReferenceProxy section */

/* Begin PBXResourcesBuildPhase section */
		816328B41CEDFDCC00DEC640 /* Resources */ = {
			isa = PBXResourcesBuildPhase;
			buildActionMask = 2147483647;
			files = (
				816329021CEE076400DEC640 /* Info.plist in Resources */,
				816328C91CEDFDCC00DEC640 /* LaunchScreen.storyboard in Resources */,
				816328C61CEDFDCC00DEC640 /* Assets.xcassets in Resources */,
				816328C41CEDFDCC00DEC640 /* Main.storyboard in Resources */,
			);
			runOnlyForDeploymentPostprocessing = 0;
		};
/* End PBXResourcesBuildPhase section */

/* Begin PBXSourcesBuildPhase section */
		816328B21CEDFDCC00DEC640 /* Sources */ = {
			isa = PBXSourcesBuildPhase;
			buildActionMask = 2147483647;
			files = (
				816329161CEE0C6B00DEC640 /* HCommonItem.m in Sources */,
				816328C11CEDFDCC00DEC640 /* ViewController.m in Sources */,
				816328BE1CEDFDCC00DEC640 /* AppDelegate.m in Sources */,
				816328BB1CEDFDCC00DEC640 /* main.m in Sources */,
				8163291C1CEE0FF400DEC640 /* HBXCommontTabelViewCell.m in Sources */,
				816329191CEE0CC200DEC640 /* HBXTableViewController.m in Sources */,
			);
			runOnlyForDeploymentPostprocessing = 0;
		};
/* End PBXSourcesBuildPhase section */

/* Begin PBXVariantGroup section */
		816328C21CEDFDCC00DEC640 /* Main.storyboard */ = {
			isa = PBXVariantGroup;
			children = (
				816328C31CEDFDCC00DEC640 /* Base */,
			);
			name = Main.storyboard;
			sourceTree = "<group>";
		};
		816328C71CEDFDCC00DEC640 /* LaunchScreen.storyboard */ = {
			isa = PBXVariantGroup;
			children = (
				816328C81CEDFDCC00DEC640 /* Base */,
			);
			name = LaunchScreen.storyboard;
			sourceTree = "<group>";
		};
/* End PBXVariantGroup section */

/* Begin XCBuildConfiguration section */
		816328CB1CEDFDCC00DEC640 /* Debug */ = {
			isa = XCBuildConfiguration;
			buildSettings = {
				ALWAYS_SEARCH_USER_PATHS = NO;
				CLANG_CXX_LANGUAGE_STANDARD = "gnu++0x";
				CLANG_CXX_LIBRARY = "libc++";
				CLANG_ENABLE_MODULES = YES;
				CLANG_ENABLE_OBJC_ARC = YES;
				CLANG_WARN_BOOL_CONVERSION = YES;
				CLANG_WARN_CONSTANT_CONVERSION = YES;
				CLANG_WARN_DIRECT_OBJC_ISA_USAGE = YES_ERROR;
				CLANG_WARN_EMPTY_BODY = YES;
				CLANG_WARN_ENUM_CONVERSION = YES;
				CLANG_WARN_INT_CONVERSION = YES;
				CLANG_WARN_OBJC_ROOT_CLASS = YES_ERROR;
				CLANG_WARN_UNREACHABLE_CODE = YES;
				CLANG_WARN__DUPLICATE_METHOD_MATCH = YES;
				"CODE_SIGN_IDENTITY[sdk=iphoneos*]" = "iPhone Developer";
				COPY_PHASE_STRIP = NO;
				DEBUG_INFORMATION_FORMAT = dwarf;
				ENABLE_STRICT_OBJC_MSGSEND = YES;
				ENABLE_TESTABILITY = YES;
				GCC_C_LANGUAGE_STANDARD = gnu99;
				GCC_DYNAMIC_NO_PIC = NO;
				GCC_NO_COMMON_BLOCKS = YES;
				GCC_OPTIMIZATION_LEVEL = 0;
				GCC_PREPROCESSOR_DEFINITIONS = (
					"DEBUG=1",
					"$(inherited)",
				);
				GCC_WARN_64_TO_32_BIT_CONVERSION = YES;
				GCC_WARN_ABOUT_RETURN_TYPE = YES_ERROR;
				GCC_WARN_UNDECLARED_SELECTOR = YES;
				GCC_WARN_UNINITIALIZED_AUTOS = YES_AGGRESSIVE;
				GCC_WARN_UNUSED_FUNCTION = YES;
				GCC_WARN_UNUSED_VARIABLE = YES;
				IPHONEOS_DEPLOYMENT_TARGET = 6.1;
				MTL_ENABLE_DEBUG_INFO = YES;
				ONLY_ACTIVE_ARCH = YES;
				SDKROOT = iphoneos;
				TARGETED_DEVICE_FAMILY = "1,2";
			};
			name = Debug;
		};
		816328CC1CEDFDCC00DEC640 /* Release */ = {
			isa = XCBuildConfiguration;
			buildSettings = {
				ALWAYS_SEARCH_USER_PATHS = NO;
				CLANG_CXX_LANGUAGE_STANDARD = "gnu++0x";
				CLANG_CXX_LIBRARY = "libc++";
				CLANG_ENABLE_MODULES = YES;
				CLANG_ENABLE_OBJC_ARC = YES;
				CLANG_WARN_BOOL_CONVERSION = YES;
				CLANG_WARN_CONSTANT_CONVERSION = YES;
				CLANG_WARN_DIRECT_OBJC_ISA_USAGE = YES_ERROR;
				CLANG_WARN_EMPTY_BODY = YES;
				CLANG_WARN_ENUM_CONVERSION = YES;
				CLANG_WARN_INT_CONVERSION = YES;
				CLANG_WARN_OBJC_ROOT_CLASS = YES_ERROR;
				CLANG_WARN_UNREACHABLE_CODE = YES;
				CLANG_WARN__DUPLICATE_METHOD_MATCH = YES;
				"CODE_SIGN_IDENTITY[sdk=iphoneos*]" = "iPhone Developer";
				COPY_PHASE_STRIP = NO;
				DEBUG_INFORMATION_FORMAT = "dwarf-with-dsym";
				ENABLE_NS_ASSERTIONS = NO;
				ENABLE_STRICT_OBJC_MSGSEND = YES;
				GCC_C_LANGUAGE_STANDARD = gnu99;
				GCC_NO_COMMON_BLOCKS = YES;
				GCC_WARN_64_TO_32_BIT_CONVERSION = YES;
				GCC_WARN_ABOUT_RETURN_TYPE = YES_ERROR;
				GCC_WARN_UNDECLARED_SELECTOR = YES;
				GCC_WARN_UNINITIALIZED_AUTOS = YES_AGGRESSIVE;
				GCC_WARN_UNUSED_FUNCTION = YES;
				GCC_WARN_UNUSED_VARIABLE = YES;
				IPHONEOS_DEPLOYMENT_TARGET = 6.1;
				MTL_ENABLE_DEBUG_INFO = NO;
				SDKROOT = iphoneos;
				TARGETED_DEVICE_FAMILY = "1,2";
				VALIDATE_PRODUCT = YES;
			};
			name = Release;
		};
		816328CE1CEDFDCC00DEC640 /* Debug */ = {
			isa = XCBuildConfiguration;
			buildSettings = {
				ASSETCATALOG_COMPILER_APPICON_NAME = AppIcon;
				INFOPLIST_FILE = HBXCommonTableView/Info.plist;
				LD_RUNPATH_SEARCH_PATHS = "$(inherited) @executable_path/Frameworks";
				PRODUCT_BUNDLE_IDENTIFIER = com.HBXCommonTableView;
				PRODUCT_NAME = "$(TARGET_NAME)";
			};
			name = Debug;
		};
		816328CF1CEDFDCC00DEC640 /* Release */ = {
			isa = XCBuildConfiguration;
			buildSettings = {
				ASSETCATALOG_COMPILER_APPICON_NAME = AppIcon;
				INFOPLIST_FILE = HBXCommonTableView/Info.plist;
				LD_RUNPATH_SEARCH_PATHS = "$(inherited) @executable_path/Frameworks";
				PRODUCT_BUNDLE_IDENTIFIER = com.HBXCommonTableView;
				PRODUCT_NAME = "$(TARGET_NAME)";
			};
			name = Release;
		};
/* End XCBuildConfiguration section */

/* Begin XCConfigurationList section */
		816328B11CEDFDCC00DEC640 /* Build configuration list for PBXProject "HBXCommonTableView" */ = {
			isa = XCConfigurationList;
			buildConfigurations = (
				816328CB1CEDFDCC00DEC640 /* Debug */,
				816328CC1CEDFDCC00DEC640 /* Release */,
			);
			defaultConfigurationIsVisible = 0;
			defaultConfigurationName = Release;
		};
		816328CD1CEDFDCC00DEC640 /* Build configuration list for PBXNativeTarget "HBXCommonTableView" */ = {
			isa = XCConfigurationList;
			buildConfigurations = (
				816328CE1CEDFDCC00DEC640 /* Debug */,
				816328CF1CEDFDCC00DEC640 /* Release */,
			);
			defaultConfigurationIsVisible = 0;
			defaultConfigurationName = Release;
		};
/* End XCConfigurationList section */
	};
	rootObject = 816328AE1CEDFDCC00DEC640 /* Project object */;
}
